
Microsoft Visual Studio Solution File, Format Version 12.00
# Visual Studio 15
VisualStudioVersion = 15.0.28307.705
MinimumVisualStudioVersion = 10.0.40219.1
Project("{FAE04EC0-301F-11D3-BF4B-00C04F79EFBC}") = "WindowsFormsTipper", "WindowsFormsTipper\WindowsFormsTipper.csproj", "{CBFFC95D-4968-46C2-8200-2C82BB5F57A7}"
EndProject
Global
	GlobalSection(SolutionConfigurationPlatforms) = preSolution
		Debug|Any CPU = Debug|Any CPU
		Release|Any CPU = Release|Any CPU
	EndGlobalSection
	GlobalSection(ProjectConfigurationPlatforms) = postSolution
		{CBFFC95D-4968-46C2-8200-2C82BB5F57A7}.Debug|Any CPU.ActiveCfg = Debug|Any CPU
		{CBFFC95D-4968-46C2-8200-2C82BB5F57A7}.Debug|Any CPU.Build.0 = Debug|Any CPU
		{CBFFC95D-4968-46C2-8200-2C82BB5F57A7}.Release|Any CPU.ActiveCfg = Release|Any CPU
		{CBFFC95D-4968-46C2-8200-2C82BB5F57A7}.Release|Any CPU.Build.0 = Release|Any CPU
	EndGlobalSection
	GlobalSection(SolutionProperties) = preSolution
		HideSolutionNode = FALSE
	EndGlobalSection
	GlobalSection(ExtensibilityGlobals) = postSolution
		SolutionGuid = {8F984226-76EA-435A-84B4-74693C1EF663}
	EndGlobalSection
EndGlobal
